
Microsoft Visual Studio Solution File, Format Version 12.00
Project("{2150E333-8FDC-42A3-9474-1A3956D46DE8}") = "src", "src", "{CE2685D4-90D9-4271-8F1A-14306EF4056A}"
EndProject
Project("{2150E333-8FDC-42A3-9474-1A3956D46DE8}") = "test", "test", "{D1F05CA9-36D6-4DC5-93E5-AE25CCD707F6}"
EndProject
Project("{FAE04EC0-301F-11D3-BF4B-00C04F79EFBC}") = "BlogManager.Core", "BlogManager.Core\BlogManager.Core.csproj", "{7E5BBCB4-A417-4933-B923-5E8700D52D51}"
EndProject
Project("{FAE04EC0-301F-11D3-BF4B-00C04F79EFBC}") = "BlogManager.Core.Tests", "BlogManager.Core.Tests\BlogManager.Core.Tests.csproj", "{7658A5F0-D343-4B4D-8CE5-DBD2B14E8C2A}"
EndProject
Project("{FAE04EC0-301F-11D3-BF4B-00C04F79EFBC}") = "BlogManager.Adapter.Api", "BlogManager.Adapter.Api\BlogManager.Adapter.Api.csproj", "{15E72CA0-CFBA-4287-94E1-28E36A89D098}"
EndProject
Project("{FAE04EC0-301F-11D3-BF4B-00C04F79EFBC}") = "BlogManager.Adapter.Api.Tests", "BlogManager.Adapter.Api.Tests\BlogManager.Adapter.Api.Tests.csproj", "{33E08508-0E13-4167-B4F6-3F3DE3809D8E}"
EndProject
Project("{FAE04EC0-301F-11D3-BF4B-00C04F79EFBC}") = "BlogManager.Adapter.PostgreSQL", "BlogManager.Adapter.PostgreSQL\BlogManager.Adapter.PostgreSQL.csproj", "{41935672-E90D-4389-A133-A52446D2A7D6}"
EndProject
Project("{FAE04EC0-301F-11D3-BF4B-00C04F79EFBC}") = "BlogManager.Adapter.PostgreSQL.Tests", "BlogManager.Adapter.PostgreSQL.Tests\BlogManager.Adapter.PostgreSQL.Tests.csproj", "{908D05F5-0A0C-4BCA-AD2A-21947F26776B}"
EndProject
Project("{FAE04EC0-301F-11D3-BF4B-00C04F79EFBC}") = "BlogManager.Adapter.Application", "BlogManager.Adapter.Application\BlogManager.Adapter.Application.csproj", "{DD90A7BE-E6D2-4AA7-BD41-8DF4D7B53C61}"
EndProject
Project("{FAE04EC0-301F-11D3-BF4B-00C04F79EFBC}") = "BlockManager.Tests.Shared", "BlockManager.Tests.Shared\BlockManager.Tests.Shared.csproj", "{09D01FC4-4AE6-45D8-9C1E-264CD4B06E58}"
EndProject
Project("{FAE04EC0-301F-11D3-BF4B-00C04F79EFBC}") = "BlogManager.Adapter.Logger", "BlogManager.Adapter.Logger\BlogManager.Adapter.Logger.csproj", "{1872A2BE-478A-42DD-B6BB-A763F449A346}"
EndProject
Project("{FAE04EC0-301F-11D3-BF4B-00C04F79EFBC}") = "BlogManager.Adaptor.EventStore", "BlogManager.Adaptor.EventStore\BlogManager.Adaptor.EventStore.csproj", "{03E4992E-B503-4BA6-B6EA-C3E1945A490D}"
EndProject
Project("{FAE04EC0-301F-11D3-BF4B-00C04F79EFBC}") = "BlogManager.Adaptor.EventStore.Tests", "BlogManager.Adaptor.EventStore.Tests\BlogManager.Adaptor.EventStore.Tests.csproj", "{D18BAAB8-65A7-47D6-8660-2C6004560DF7}"
EndProject
Global
	GlobalSection(SolutionConfigurationPlatforms) = preSolution
		Debug|Any CPU = Debug|Any CPU
		Release|Any CPU = Release|Any CPU
	EndGlobalSection
	GlobalSection(NestedProjects) = preSolution
		{7E5BBCB4-A417-4933-B923-5E8700D52D51} = {CE2685D4-90D9-4271-8F1A-14306EF4056A}
		{7658A5F0-D343-4B4D-8CE5-DBD2B14E8C2A} = {D1F05CA9-36D6-4DC5-93E5-AE25CCD707F6}
		{15E72CA0-CFBA-4287-94E1-28E36A89D098} = {CE2685D4-90D9-4271-8F1A-14306EF4056A}
		{33E08508-0E13-4167-B4F6-3F3DE3809D8E} = {D1F05CA9-36D6-4DC5-93E5-AE25CCD707F6}
		{41935672-E90D-4389-A133-A52446D2A7D6} = {CE2685D4-90D9-4271-8F1A-14306EF4056A}
		{908D05F5-0A0C-4BCA-AD2A-21947F26776B} = {D1F05CA9-36D6-4DC5-93E5-AE25CCD707F6}
		{DD90A7BE-E6D2-4AA7-BD41-8DF4D7B53C61} = {CE2685D4-90D9-4271-8F1A-14306EF4056A}
		{09D01FC4-4AE6-45D8-9C1E-264CD4B06E58} = {D1F05CA9-36D6-4DC5-93E5-AE25CCD707F6}
		{1872A2BE-478A-42DD-B6BB-A763F449A346} = {CE2685D4-90D9-4271-8F1A-14306EF4056A}
		{03E4992E-B503-4BA6-B6EA-C3E1945A490D} = {CE2685D4-90D9-4271-8F1A-14306EF4056A}
		{D18BAAB8-65A7-47D6-8660-2C6004560DF7} = {D1F05CA9-36D6-4DC5-93E5-AE25CCD707F6}
	EndGlobalSection
	GlobalSection(ProjectConfigurationPlatforms) = postSolution
		{7E5BBCB4-A417-4933-B923-5E8700D52D51}.Debug|Any CPU.ActiveCfg = Debug|Any CPU
		{7E5BBCB4-A417-4933-B923-5E8700D52D51}.Debug|Any CPU.Build.0 = Debug|Any CPU
		{7E5BBCB4-A417-4933-B923-5E8700D52D51}.Release|Any CPU.ActiveCfg = Release|Any CPU
		{7E5BBCB4-A417-4933-B923-5E8700D52D51}.Release|Any CPU.Build.0 = Release|Any CPU
		{7658A5F0-D343-4B4D-8CE5-DBD2B14E8C2A}.Debug|Any CPU.ActiveCfg = Debug|Any CPU
		{7658A5F0-D343-4B4D-8CE5-DBD2B14E8C2A}.Debug|Any CPU.Build.0 = Debug|Any CPU
		{7658A5F0-D343-4B4D-8CE5-DBD2B14E8C2A}.Release|Any CPU.ActiveCfg = Release|Any CPU
		{7658A5F0-D343-4B4D-8CE5-DBD2B14E8C2A}.Release|Any CPU.Build.0 = Release|Any CPU
		{15E72CA0-CFBA-4287-94E1-28E36A89D098}.Debug|Any CPU.ActiveCfg = Debug|Any CPU
		{15E72CA0-CFBA-4287-94E1-28E36A89D098}.Debug|Any CPU.Build.0 = Debug|Any CPU
		{15E72CA0-CFBA-4287-94E1-28E36A89D098}.Release|Any CPU.ActiveCfg = Release|Any CPU
		{15E72CA0-CFBA-4287-94E1-28E36A89D098}.Release|Any CPU.Build.0 = Release|Any CPU
		{33E08508-0E13-4167-B4F6-3F3DE3809D8E}.Debug|Any CPU.ActiveCfg = Debug|Any CPU
		{33E08508-0E13-4167-B4F6-3F3DE3809D8E}.Debug|Any CPU.Build.0 = Debug|Any CPU
		{33E08508-0E13-4167-B4F6-3F3DE3809D8E}.Release|Any CPU.ActiveCfg = Release|Any CPU
		{33E08508-0E13-4167-B4F6-3F3DE3809D8E}.Release|Any CPU.Build.0 = Release|Any CPU
		{41935672-E90D-4389-A133-A52446D2A7D6}.Debug|Any CPU.ActiveCfg = Debug|Any CPU
		{41935672-E90D-4389-A133-A52446D2A7D6}.Debug|Any CPU.Build.0 = Debug|Any CPU
		{41935672-E90D-4389-A133-A52446D2A7D6}.Release|Any CPU.ActiveCfg = Release|Any CPU
		{41935672-E90D-4389-A133-A52446D2A7D6}.Release|Any CPU.Build.0 = Release|Any CPU
		{908D05F5-0A0C-4BCA-AD2A-21947F26776B}.Debug|Any CPU.ActiveCfg = Debug|Any CPU
		{908D05F5-0A0C-4BCA-AD2A-21947F26776B}.Debug|Any CPU.Build.0 = Debug|Any CPU
		{908D05F5-0A0C-4BCA-AD2A-21947F26776B}.Release|Any CPU.ActiveCfg = Release|Any CPU
		{908D05F5-0A0C-4BCA-AD2A-21947F26776B}.Release|Any CPU.Build.0 = Release|Any CPU
		{DD90A7BE-E6D2-4AA7-BD41-8DF4D7B53C61}.Debug|Any CPU.ActiveCfg = Debug|Any CPU
		{DD90A7BE-E6D2-4AA7-BD41-8DF4D7B53C61}.Debug|Any CPU.Build.0 = Debug|Any CPU
		{DD90A7BE-E6D2-4AA7-BD41-8DF4D7B53C61}.Release|Any CPU.ActiveCfg = Release|Any CPU
		{DD90A7BE-E6D2-4AA7-BD41-8DF4D7B53C61}.Release|Any CPU.Build.0 = Release|Any CPU
		{09D01FC4-4AE6-45D8-9C1E-264CD4B06E58}.Debug|Any CPU.ActiveCfg = Debug|Any CPU
		{09D01FC4-4AE6-45D8-9C1E-264CD4B06E58}.Debug|Any CPU.Build.0 = Debug|Any CPU
		{09D01FC4-4AE6-45D8-9C1E-264CD4B06E58}.Release|Any CPU.ActiveCfg = Release|Any CPU
		{09D01FC4-4AE6-45D8-9C1E-264CD4B06E58}.Release|Any CPU.Build.0 = Release|Any CPU
		{1872A2BE-478A-42DD-B6BB-A763F449A346}.Debug|Any CPU.ActiveCfg = Debug|Any CPU
		{1872A2BE-478A-42DD-B6BB-A763F449A346}.Debug|Any CPU.Build.0 = Debug|Any CPU
		{1872A2BE-478A-42DD-B6BB-A763F449A346}.Release|Any CPU.ActiveCfg = Release|Any CPU
		{1872A2BE-478A-42DD-B6BB-A763F449A346}.Release|Any CPU.Build.0 = Release|Any CPU
		{03E4992E-B503-4BA6-B6EA-C3E1945A490D}.Debug|Any CPU.ActiveCfg = Debug|Any CPU
		{03E4992E-B503-4BA6-B6EA-C3E1945A490D}.Debug|Any CPU.Build.0 = Debug|Any CPU
		{03E4992E-B503-4BA6-B6EA-C3E1945A490D}.Release|Any CPU.ActiveCfg = Release|Any CPU
		{03E4992E-B503-4BA6-B6EA-C3E1945A490D}.Release|Any CPU.Build.0 = Release|Any CPU
		{D18BAAB8-65A7-47D6-8660-2C6004560DF7}.Debug|Any CPU.ActiveCfg = Debug|Any CPU
		{D18BAAB8-65A7-47D6-8660-2C6004560DF7}.Debug|Any CPU.Build.0 = Debug|Any CPU
		{D18BAAB8-65A7-47D6-8660-2C6004560DF7}.Release|Any CPU.ActiveCfg = Release|Any CPU
		{D18BAAB8-65A7-47D6-8660-2C6004560DF7}.Release|Any CPU.Build.0 = Release|Any CPU
	EndGlobalSection
EndGlobal
